
Microsoft Visual Studio Solution File, Format Version 12.00
# Visual Studio Version 16
VisualStudioVersion = 16.0.31321.278
MinimumVisualStudioVersion = 10.0.40219.1
Project("{FAE04EC0-301F-11D3-BF4B-00C04F79EFBC}") = "Translate", "Translate\Translate.csproj", "{6F995423-F53A-4ABD-846C-264328F2B405}"
EndProject
Global
	GlobalSection(SolutionConfigurationPlatforms) = preSolution
		Debug|Any CPU = Debug|Any CPU
		Release|Any CPU = Release|Any CPU
	EndGlobalSection
	GlobalSection(ProjectConfigurationPlatforms) = postSolution
		{6F995423-F53A-4ABD-846C-264328F2B405}.Debug|Any CPU.ActiveCfg = Debug|Any CPU
		{6F995423-F53A-4ABD-846C-264328F2B405}.Debug|Any CPU.Build.0 = Debug|Any CPU
		{6F995423-F53A-4ABD-846C-264328F2B405}.Release|Any CPU.ActiveCfg = Release|Any CPU
		{6F995423-F53A-4ABD-846C-264328F2B405}.Release|Any CPU.Build.0 = Release|Any CPU
	EndGlobalSection
	GlobalSection(SolutionProperties) = preSolution
		HideSolutionNode = FALSE
	EndGlobalSection
	GlobalSection(ExtensibilityGlobals) = postSolution
		SolutionGuid = {E83BA7CA-C768-4AE0-8A3F-868ECD7A2935}
	EndGlobalSection
EndGlobal
